
Microsoft Visual Studio Solution File, Format Version 12.00
Project("{FAE04EC0-301F-11D3-BF4B-00C04F79EFBC}") = "Iterators", "Iterators\Iterators.csproj", "{78C53223-FB02-4F30-9BCF-0FA4422F541C}"
EndProject
Global
	GlobalSection(SolutionConfigurationPlatforms) = preSolution
		Debug|Any CPU = Debug|Any CPU
		Release|Any CPU = Release|Any CPU
	EndGlobalSection
	GlobalSection(ProjectConfigurationPlatforms) = postSolution
		{78C53223-FB02-4F30-9BCF-0FA4422F541C}.Debug|Any CPU.ActiveCfg = Debug|Any CPU
		{78C53223-FB02-4F30-9BCF-0FA4422F541C}.Debug|Any CPU.Build.0 = Debug|Any CPU
		{78C53223-FB02-4F30-9BCF-0FA4422F541C}.Release|Any CPU.ActiveCfg = Release|Any CPU
		{78C53223-FB02-4F30-9BCF-0FA4422F541C}.Release|Any CPU.Build.0 = Release|Any CPU
	EndGlobalSection
EndGlobal
